
Microsoft Visual Studio Solution File, Format Version 12.00
# Visual Studio Version 17
VisualStudioVersion = 17.7.34221.43
MinimumVisualStudioVersion = 10.0.40219.1
Project("{9A19103F-16F7-4668-BE54-9A1E7A4F7556}") = "TestApp", "TestApp\TestApp.csproj", "{0A11FDF8-14C9-4DBA-A867-C5C1B8E186AD}"
EndProject
Project("{9A19103F-16F7-4668-BE54-9A1E7A4F7556}") = "FloatingPointControl", "FloatingPointControls\FloatingPointControl.csproj", "{78F95225-005A-4A64-A676-843070301AC4}"
EndProject
Project("{2150E333-8FDC-42A3-9474-1A3956D46DE8}") = "Solution Items", "Solution Items", "{CF8483A9-E300-4F34-AA60-A2805B21B890}"
	ProjectSection(SolutionItems) = preProject
		Readme.md = Readme.md
	EndProjectSection
EndProject
Global
	GlobalSection(SolutionConfigurationPlatforms) = preSolution
		Debug|Any CPU = Debug|Any CPU
		Release|Any CPU = Release|Any CPU
	EndGlobalSection
	GlobalSection(ProjectConfigurationPlatforms) = postSolution
		{0A11FDF8-14C9-4DBA-A867-C5C1B8E186AD}.Debug|Any CPU.ActiveCfg = Debug|Any CPU
		{0A11FDF8-14C9-4DBA-A867-C5C1B8E186AD}.Debug|Any CPU.Build.0 = Debug|Any CPU
		{0A11FDF8-14C9-4DBA-A867-C5C1B8E186AD}.Release|Any CPU.ActiveCfg = Release|Any CPU
		{0A11FDF8-14C9-4DBA-A867-C5C1B8E186AD}.Release|Any CPU.Build.0 = Release|Any CPU
		{78F95225-005A-4A64-A676-843070301AC4}.Debug|Any CPU.ActiveCfg = Debug|Any CPU
		{78F95225-005A-4A64-A676-843070301AC4}.Debug|Any CPU.Build.0 = Debug|Any CPU
		{78F95225-005A-4A64-A676-843070301AC4}.Release|Any CPU.ActiveCfg = Release|Any CPU
		{78F95225-005A-4A64-A676-843070301AC4}.Release|Any CPU.Build.0 = Release|Any CPU
	EndGlobalSection
	GlobalSection(SolutionProperties) = preSolution
		HideSolutionNode = FALSE
	EndGlobalSection
	GlobalSection(ExtensibilityGlobals) = postSolution
		SolutionGuid = {34BEE4AB-3F05-4217-85C9-4EADB39D2D9C}
	EndGlobalSection
EndGlobal
